
Microsoft Visual Studio Solution File, Format Version 12.00
# Visual Studio 14
VisualStudioVersion = 14.0.23107.0
MinimumVisualStudioVersion = 10.0.40219.1
Project("{FAE04EC0-301F-11D3-BF4B-00C04F79EFBC}") = "InventoryCore", "InventoryCore\InventoryCore.csproj", "{37319438-0D42-4110-B5B5-A92AD062AE58}"
EndProject
Project("{FAE04EC0-301F-11D3-BF4B-00C04F79EFBC}") = "Test", "Test\Test.csproj", "{46095D7A-CC40-477F-A14E-EBE529997134}"
EndProject
Project("{FAE04EC0-301F-11D3-BF4B-00C04F79EFBC}") = "MeatInvtory", "MeatInvtory\MeatInvtory.csproj", "{62262E55-ADD9-4024-81ED-378206BB74E3}"
EndProject
Global
	GlobalSection(SolutionConfigurationPlatforms) = preSolution
		Debug|Any CPU = Debug|Any CPU
		Release|Any CPU = Release|Any CPU
	EndGlobalSection
	GlobalSection(ProjectConfigurationPlatforms) = postSolution
		{37319438-0D42-4110-B5B5-A92AD062AE58}.Debug|Any CPU.ActiveCfg = Debug|Any CPU
		{37319438-0D42-4110-B5B5-A92AD062AE58}.Debug|Any CPU.Build.0 = Debug|Any CPU
		{37319438-0D42-4110-B5B5-A92AD062AE58}.Release|Any CPU.ActiveCfg = Release|Any CPU
		{37319438-0D42-4110-B5B5-A92AD062AE58}.Release|Any CPU.Build.0 = Release|Any CPU
		{46095D7A-CC40-477F-A14E-EBE529997134}.Debug|Any CPU.ActiveCfg = Debug|Any CPU
		{46095D7A-CC40-477F-A14E-EBE529997134}.Debug|Any CPU.Build.0 = Debug|Any CPU
		{46095D7A-CC40-477F-A14E-EBE529997134}.Release|Any CPU.ActiveCfg = Release|Any CPU
		{46095D7A-CC40-477F-A14E-EBE529997134}.Release|Any CPU.Build.0 = Release|Any CPU
		{62262E55-ADD9-4024-81ED-378206BB74E3}.Debug|Any CPU.ActiveCfg = Debug|Any CPU
		{62262E55-ADD9-4024-81ED-378206BB74E3}.Debug|Any CPU.Build.0 = Debug|Any CPU
		{62262E55-ADD9-4024-81ED-378206BB74E3}.Release|Any CPU.ActiveCfg = Release|Any CPU
		{62262E55-ADD9-4024-81ED-378206BB74E3}.Release|Any CPU.Build.0 = Release|Any CPU
	EndGlobalSection
	GlobalSection(SolutionProperties) = preSolution
		HideSolutionNode = FALSE
	EndGlobalSection
EndGlobal
